
Microsoft Visual Studio Solution File, Format Version 12.00
# Visual Studio 15
VisualStudioVersion = 15.0.28307.271
MinimumVisualStudioVersion = 10.0.40219.1
Project("{9A19103F-16F7-4668-BE54-9A1E7A4F7556}") = "WordJuggle", "WordJuggle\WordJuggle.csproj", "{46AEED78-F816-4CE9-A693-1ECAD85AF00F}"
EndProject
Global
	GlobalSection(SolutionConfigurationPlatforms) = preSolution
		Debug|Any CPU = Debug|Any CPU
		Release|Any CPU = Release|Any CPU
	EndGlobalSection
	GlobalSection(ProjectConfigurationPlatforms) = postSolution
		{46AEED78-F816-4CE9-A693-1ECAD85AF00F}.Debug|Any CPU.ActiveCfg = Debug|Any CPU
		{46AEED78-F816-4CE9-A693-1ECAD85AF00F}.Debug|Any CPU.Build.0 = Debug|Any CPU
		{46AEED78-F816-4CE9-A693-1ECAD85AF00F}.Release|Any CPU.ActiveCfg = Release|Any CPU
		{46AEED78-F816-4CE9-A693-1ECAD85AF00F}.Release|Any CPU.Build.0 = Release|Any CPU
	EndGlobalSection
	GlobalSection(SolutionProperties) = preSolution
		HideSolutionNode = FALSE
	EndGlobalSection
	GlobalSection(ExtensibilityGlobals) = postSolution
		SolutionGuid = {FD881004-7E8A-4DE3-B8EA-B2E49017319F}
	EndGlobalSection
EndGlobal
